// !$*UTF8*$!
{
	archiveVersion = 1;
	classes = {
	};
	objectVersion = 55;
	objects = {

/* Begin PBXBuildFile section */
		090B427327F35D7300A1D9EF /* AppDelegate.m in Sources */ = {isa = PBXBuildFile; fileRef = 090B427227F35D7300A1D9EF /* AppDelegate.m */; };
		090B427627F35D7300A1D9EF /* SceneDelegate.m in Sources */ = {isa = PBXBuildFile; fileRef = 090B427527F35D7300A1D9EF /* SceneDelegate.m */; };
		090B427927F35D7300A1D9EF /* GTNewsViewController.m in Sources */ = {isa = PBXBuildFile; fileRef = 090B427827F35D7300A1D9EF /* GTNewsViewController.m */; };
		090B427C27F35D7300A1D9EF /* Main.storyboard in Resources */ = {isa = PBXBuildFile; fileRef = 090B427A27F35D7300A1D9EF /* Main.storyboard */; };
		090B427E27F35D7D00A1D9EF /* Assets.xcassets in Resources */ = {isa = PBXBuildFile; fileRef = 090B427D27F35D7D00A1D9EF /* Assets.xcassets */; };
		090B428127F35D7D00A1D9EF /* LaunchScreen.storyboard in Resources */ = {isa = PBXBuildFile; fileRef = 090B427F27F35D7D00A1D9EF /* LaunchScreen.storyboard */; };
		090B428427F35D7D00A1D9EF /* main.m in Sources */ = {isa = PBXBuildFile; fileRef = 090B428327F35D7D00A1D9EF /* main.m */; };
		092AF45528117B1400CDA52B /* GTListLoader.m in Sources */ = {isa = PBXBuildFile; fileRef = 092AF45428117B1400CDA52B /* GTListLoader.m */; };
		09623E02280A674600CB362A /* GTNormalTableViewCell.m in Sources */ = {isa = PBXBuildFile; fileRef = 09623E01280A674600CB362A /* GTNormalTableViewCell.m */; };
		09623E06280B075400CB362A /* GTDetailViewController.m in Sources */ = {isa = PBXBuildFile; fileRef = 09623E05280B075400CB362A /* GTDetailViewController.m */; };
		09623E09280C0C6200CB362A /* GTDeleteCellView.m in Sources */ = {isa = PBXBuildFile; fileRef = 09623E08280C0C6100CB362A /* GTDeleteCellView.m */; };
		09B98BBD27FB40F500CDCDBA /* GTVideoViewController.m in Sources */ = {isa = PBXBuildFile; fileRef = 09B98BBC27FB40F500CDCDBA /* GTVideoViewController.m */; };
		09B98BC027FC90CF00CDCDBA /* GTRecommendViewController.m in Sources */ = {isa = PBXBuildFile; fileRef = 09B98BBF27FC90CF00CDCDBA /* GTRecommendViewController.m */; };
		09C30F5B281404AE0054E32F /* GTListItem.m in Sources */ = {isa = PBXBuildFile; fileRef = 09C30F5A281404AE0054E32F /* GTListItem.m */; };
		AE0F3E11A8A2CA52B18F8940 /* libPods-SampleApp.a in Frameworks */ = {isa = PBXBuildFile; fileRef = 2B68F0FB00FD57C4CD953865 /* libPods-SampleApp.a */; };
/* End PBXBuildFile section */

/* Begin PBXFileReference section */
		090B426E27F35D7300A1D9EF /* SampleApp.app */ = {isa = PBXFileReference; explicitFileType = wrapper.application; includeInIndex = 0; path = SampleApp.app; sourceTree = BUILT_PRODUCTS_DIR; };
		090B427127F35D7300A1D9EF /* AppDelegate.h */ = {isa = PBXFileReference; lastKnownFileType = sourcecode.c.h; path = AppDelegate.h; sourceTree = "<group>"; };
		090B427227F35D7300A1D9EF /* AppDelegate.m */ = {isa = PBXFileReference; lastKnownFileType = sourcecode.c.objc; path = AppDelegate.m; sourceTree = "<group>"; };
		090B427427F35D7300A1D9EF /* SceneDelegate.h */ = {isa = PBXFileReference; lastKnownFileType = sourcecode.c.h; path = SceneDelegate.h; sourceTree = "<group>"; };
		090B427527F35D7300A1D9EF /* SceneDelegate.m */ = {isa = PBXFileReference; lastKnownFileType = sourcecode.c.objc; path = SceneDelegate.m; sourceTree = "<group>"; };
		090B427727F35D7300A1D9EF /* GTNewsViewController.h */ = {isa = PBXFileReference; lastKnownFileType = sourcecode.c.h; path = GTNewsViewController.h; sourceTree = "<group>"; };
		090B427827F35D7300A1D9EF /* GTNewsViewController.m */ = {isa = PBXFileReference; lastKnownFileType = sourcecode.c.objc; path = GTNewsViewController.m; sourceTree = "<group>"; };
		090B427B27F35D7300A1D9EF /* Base */ = {isa = PBXFileReference; lastKnownFileType = file.storyboard; name = Base; path = Base.lproj/Main.storyboard; sourceTree = "<group>"; };
		090B427D27F35D7D00A1D9EF /* Assets.xcassets */ = {isa = PBXFileReference; lastKnownFileType = folder.assetcatalog; path = Assets.xcassets; sourceTree = "<group>"; };
		090B428027F35D7D00A1D9EF /* Base */ = {isa = PBXFileReference; lastKnownFileType = file.storyboard; name = Base; path = Base.lproj/LaunchScreen.storyboard; sourceTree = "<group>"; };
		090B428227F35D7D00A1D9EF /* Info.plist */ = {isa = PBXFileReference; lastKnownFileType = text.plist.xml; path = Info.plist; sourceTree = "<group>"; };
		090B428327F35D7D00A1D9EF /* main.m */ = {isa = PBXFileReference; lastKnownFileType = sourcecode.c.objc; path = main.m; sourceTree = "<group>"; };
		092AF45328117B1400CDA52B /* GTListLoader.h */ = {isa = PBXFileReference; lastKnownFileType = sourcecode.c.h; path = GTListLoader.h; sourceTree = "<group>"; };
		092AF45428117B1400CDA52B /* GTListLoader.m */ = {isa = PBXFileReference; lastKnownFileType = sourcecode.c.objc; path = GTListLoader.m; sourceTree = "<group>"; };
		09623E00280A674600CB362A /* GTNormalTableViewCell.h */ = {isa = PBXFileReference; lastKnownFileType = sourcecode.c.h; path = GTNormalTableViewCell.h; sourceTree = "<group>"; };
		09623E01280A674600CB362A /* GTNormalTableViewCell.m */ = {isa = PBXFileReference; lastKnownFileType = sourcecode.c.objc; path = GTNormalTableViewCell.m; sourceTree = "<group>"; };
		09623E04280B075400CB362A /* GTDetailViewController.h */ = {isa = PBXFileReference; lastKnownFileType = sourcecode.c.h; path = GTDetailViewController.h; sourceTree = "<group>"; };
		09623E05280B075400CB362A /* GTDetailViewController.m */ = {isa = PBXFileReference; lastKnownFileType = sourcecode.c.objc; path = GTDetailViewController.m; sourceTree = "<group>"; };
		09623E07280C0C6100CB362A /* GTDeleteCellView.h */ = {isa = PBXFileReference; lastKnownFileType = sourcecode.c.h; path = GTDeleteCellView.h; sourceTree = "<group>"; };
		09623E08280C0C6100CB362A /* GTDeleteCellView.m */ = {isa = PBXFileReference; lastKnownFileType = sourcecode.c.objc; path = GTDeleteCellView.m; sourceTree = "<group>"; };
		09B98BBB27FB40F500CDCDBA /* GTVideoViewController.h */ = {isa = PBXFileReference; lastKnownFileType = sourcecode.c.h; path = GTVideoViewController.h; sourceTree = "<group>"; };
		09B98BBC27FB40F500CDCDBA /* GTVideoViewController.m */ = {isa = PBXFileReference; lastKnownFileType = sourcecode.c.objc; path = GTVideoViewController.m; sourceTree = "<group>"; };
		09B98BBE27FC90CF00CDCDBA /* GTRecommendViewController.h */ = {isa = PBXFileReference; lastKnownFileType = sourcecode.c.h; path = GTRecommendViewController.h; sourceTree = "<group>"; };
		09B98BBF27FC90CF00CDCDBA /* GTRecommendViewController.m */ = {isa = PBXFileReference; lastKnownFileType = sourcecode.c.objc; path = GTRecommendViewController.m; sourceTree = "<group>"; };
		09C30F59281404AE0054E32F /* GTListItem.h */ = {isa = PBXFileReference; lastKnownFileType = sourcecode.c.h; path = GTListItem.h; sourceTree = "<group>"; };
		09C30F5A281404AE0054E32F /* GTListItem.m */ = {isa = PBXFileReference; lastKnownFileType = sourcecode.c.objc; path = GTListItem.m; sourceTree = "<group>"; };
		0D9C3FD64B4193AE6E6A0AD3 /* Pods-SampleApp.release.xcconfig */ = {isa = PBXFileReference; includeInIndex = 1; lastKnownFileType = text.xcconfig; name = "Pods-SampleApp.release.xcconfig"; path = "Target Support Files/Pods-SampleApp/Pods-SampleApp.release.xcconfig"; sourceTree = "<group>"; };
		2B68F0FB00FD57C4CD953865 /* libPods-SampleApp.a */ = {isa = PBXFileReference; explicitFileType = archive.ar; includeInIndex = 0; path = "libPods-SampleApp.a"; sourceTree = BUILT_PRODUCTS_DIR; };
		34A287C7B531FA84A2BC2F9D /* Pods-SampleApp.debug.xcconfig */ = {isa = PBXFileReference; includeInIndex = 1; lastKnownFileType = text.xcconfig; name = "Pods-SampleApp.debug.xcconfig"; path = "Target Support Files/Pods-SampleApp/Pods-SampleApp.debug.xcconfig"; sourceTree = "<group>"; };
/* End PBXFileReference section */

/* Begin PBXFrameworksBuildPhase section */
		090B426B27F35D7300A1D9EF /* Frameworks */ = {
			isa = PBXFrameworksBuildPhase;
			buildActionMask = 2147483647;
			files = (
				AE0F3E11A8A2CA52B18F8940 /* libPods-SampleApp.a in Frameworks */,
			);
			runOnlyForDeploymentPostprocessing = 0;
		};
/* End PBXFrameworksBuildPhase section */

/* Begin PBXGroup section */
		090B426527F35D7200A1D9EF = {
			isa = PBXGroup;
			children = (
				090B427027F35D7300A1D9EF /* SampleApp */,
				090B426F27F35D7300A1D9EF /* Products */,
				9B050164568FA5BA590453F7 /* Pods */,
				BB724EE3644B8D00E55982DC /* Frameworks */,
			);
			sourceTree = "<group>";
		};
		090B426F27F35D7300A1D9EF /* Products */ = {
			isa = PBXGroup;
			children = (
				090B426E27F35D7300A1D9EF /* SampleApp.app */,
			);
			name = Products;
			sourceTree = "<group>";
		};
		090B427027F35D7300A1D9EF /* SampleApp */ = {
			isa = PBXGroup;
			children = (
				09B98BBB27FB40F500CDCDBA /* GTVideoViewController.h */,
				09B98BBC27FB40F500CDCDBA /* GTVideoViewController.m */,
				09B98BBE27FC90CF00CDCDBA /* GTRecommendViewController.h */,
				09B98BBF27FC90CF00CDCDBA /* GTRecommendViewController.m */,
				09623E03280AE2E700CB362A /* NewsController */,
				090B427127F35D7300A1D9EF /* AppDelegate.h */,
				090B427227F35D7300A1D9EF /* AppDelegate.m */,
				090B427427F35D7300A1D9EF /* SceneDelegate.h */,
				090B427527F35D7300A1D9EF /* SceneDelegate.m */,
				090B427A27F35D7300A1D9EF /* Main.storyboard */,
				090B427D27F35D7D00A1D9EF /* Assets.xcassets */,
				090B427F27F35D7D00A1D9EF /* LaunchScreen.storyboard */,
				090B428227F35D7D00A1D9EF /* Info.plist */,
				090B428327F35D7D00A1D9EF /* main.m */,
			);
			path = SampleApp;
			sourceTree = "<group>";
		};
		092AF450281121AE00CDA52B /* Detail */ = {
			isa = PBXGroup;
			children = (
				09623E04280B075400CB362A /* GTDetailViewController.h */,
				09623E05280B075400CB362A /* GTDetailViewController.m */,
			);
			path = Detail;
			sourceTree = "<group>";
		};
		092AF451281121EF00CDA52B /* View */ = {
			isa = PBXGroup;
			children = (
				09623E07280C0C6100CB362A /* GTDeleteCellView.h */,
				09623E08280C0C6100CB362A /* GTDeleteCellView.m */,
				09623E00280A674600CB362A /* GTNormalTableViewCell.h */,
				09623E01280A674600CB362A /* GTNormalTableViewCell.m */,
			);
			path = View;
			sourceTree = "<group>";
		};
		09623E03280AE2E700CB362A /* NewsController */ = {
			isa = PBXGroup;
			children = (
				09C30F58281403B80054E32F /* Controller */,
				09C30F57281403790054E32F /* Model */,
				092AF451281121EF00CDA52B /* View */,
				092AF450281121AE00CDA52B /* Detail */,
			);
			path = NewsController;
			sourceTree = "<group>";
		};
		09C30F57281403790054E32F /* Model */ = {
			isa = PBXGroup;
			children = (
				092AF45328117B1400CDA52B /* GTListLoader.h */,
				092AF45428117B1400CDA52B /* GTListLoader.m */,
				09C30F59281404AE0054E32F /* GTListItem.h */,
				09C30F5A281404AE0054E32F /* GTListItem.m */,
			);
			path = Model;
			sourceTree = "<group>";
		};
		09C30F58281403B80054E32F /* Controller */ = {
			isa = PBXGroup;
			children = (
				090B427727F35D7300A1D9EF /* GTNewsViewController.h */,
				090B427827F35D7300A1D9EF /* GTNewsViewController.m */,
			);
			path = Controller;
			sourceTree = "<group>";
		};
		9B050164568FA5BA590453F7 /* Pods */ = {
			isa = PBXGroup;
			children = (
				34A287C7B531FA84A2BC2F9D /* Pods-SampleApp.debug.xcconfig */,
				0D9C3FD64B4193AE6E6A0AD3 /* Pods-SampleApp.release.xcconfig */,
			);
			path = Pods;
			sourceTree = "<group>";
		};
		BB724EE3644B8D00E55982DC /* Frameworks */ = {
			isa = PBXGroup;
			children = (
				2B68F0FB00FD57C4CD953865 /* libPods-SampleApp.a */,
			);
			name = Frameworks;
			sourceTree = "<group>";
		};
/* End PBXGroup section */

/* Begin PBXNativeTarget section */
		090B426D27F35D7300A1D9EF /* SampleApp */ = {
			isa = PBXNativeTarget;
			buildConfigurationList = 090B428727F35D7D00A1D9EF /* Build configuration list for PBXNativeTarget "SampleApp" */;
			buildPhases = (
				9D45BE692C8F631B6E5218EB /* [CP] Check Pods Manifest.lock */,
				090B426A27F35D7300A1D9EF /* Sources */,
				090B426B27F35D7300A1D9EF /* Frameworks */,
				090B426C27F35D7300A1D9EF /* Resources */,
			);
			buildRules = (
			);
			dependencies = (
			);
			name = SampleApp;
			productName = SampleApp;
			productReference = 090B426E27F35D7300A1D9EF /* SampleApp.app */;
			productType = "com.apple.product-type.application";
		};
/* End PBXNativeTarget section */

/* Begin PBXProject section */
		090B426627F35D7200A1D9EF /* Project object */ = {
			isa = PBXProject;
			attributes = {
				BuildIndependentTargetsInParallel = 1;
				LastUpgradeCheck = 1320;
				TargetAttributes = {
					090B426D27F35D7300A1D9EF = {
						CreatedOnToolsVersion = 13.2.1;
					};
				};
			};
			buildConfigurationList = 090B426927F35D7200A1D9EF /* Build configuration list for PBXProject "SampleApp" */;
			compatibilityVersion = "Xcode 13.0";
			developmentRegion = en;
			hasScannedForEncodings = 0;
			knownRegions = (
				en,
				Base,
			);
			mainGroup = 090B426527F35D7200A1D9EF;
			productRefGroup = 090B426F27F35D7300A1D9EF /* Products */;
			projectDirPath = "";
			projectRoot = "";
			targets = (
				090B426D27F35D7300A1D9EF /* SampleApp */,
			);
		};
/* End PBXProject section */

/* Begin PBXResourcesBuildPhase section */
		090B426C27F35D7300A1D9EF /* Resources */ = {
			isa = PBXResourcesBuildPhase;
			buildActionMask = 2147483647;
			files = (
				090B428127F35D7D00A1D9EF /* LaunchScreen.storyboard in Resources */,
				090B427E27F35D7D00A1D9EF /* Assets.xcassets in Resources */,
				090B427C27F35D7300A1D9EF /* Main.storyboard in Resources */,
			);
			runOnlyForDeploymentPostprocessing = 0;
		};
/* End PBXResourcesBuildPhase section */

/* Begin PBXShellScriptBuildPhase section */
		9D45BE692C8F631B6E5218EB /* [CP] Check Pods Manifest.lock */ = {
			isa = PBXShellScriptBuildPhase;
			buildActionMask = 2147483647;
			files = (
			);
			inputFileListPaths = (
			);
			inputPaths = (
				"${PODS_PODFILE_DIR_PATH}/Podfile.lock",
				"${PODS_ROOT}/Manifest.lock",
			);
			name = "[CP] Check Pods Manifest.lock";
			outputFileListPaths = (
			);
			outputPaths = (
				"$(DERIVED_FILE_DIR)/Pods-SampleApp-checkManifestLockResult.txt",
			);
			runOnlyForDeploymentPostprocessing = 0;
			shellPath = /bin/sh;
			shellScript = "diff \"${PODS_PODFILE_DIR_PATH}/Podfile.lock\" \"${PODS_ROOT}/Manifest.lock\" > /dev/null\nif [ $? != 0 ] ; then\n    # print error to STDERR\n    echo \"error: The sandbox is not in sync with the Podfile.lock. Run 'pod install' or update your CocoaPods installation.\" >&2\n    exit 1\nfi\n# This output is used by Xcode 'outputs' to avoid re-running this script phase.\necho \"SUCCESS\" > \"${SCRIPT_OUTPUT_FILE_0}\"\n";
			showEnvVarsInLog = 0;
		};
/* End PBXShellScriptBuildPhase section */

/* Begin PBXSourcesBuildPhase section */
		090B426A27F35D7300A1D9EF /* Sources */ = {
			isa = PBXSourcesBuildPhase;
			buildActionMask = 2147483647;
			files = (
				09623E06280B075400CB362A /* GTDetailViewController.m in Sources */,
				09623E09280C0C6200CB362A /* GTDeleteCellView.m in Sources */,
				09623E02280A674600CB362A /* GTNormalTableViewCell.m in Sources */,
				090B427927F35D7300A1D9EF /* GTNewsViewController.m in Sources */,
				09B98BBD27FB40F500CDCDBA /* GTVideoViewController.m in Sources */,
				092AF45528117B1400CDA52B /* GTListLoader.m in Sources */,
				09C30F5B281404AE0054E32F /* GTListItem.m in Sources */,
				09B98BC027FC90CF00CDCDBA /* GTRecommendViewController.m in Sources */,
				090B427327F35D7300A1D9EF /* AppDelegate.m in Sources */,
				090B428427F35D7D00A1D9EF /* main.m in Sources */,
				090B427627F35D7300A1D9EF /* SceneDelegate.m in Sources */,
			);
			runOnlyForDeploymentPostprocessing = 0;
		};
/* End PBXSourcesBuildPhase section */

/* Begin PBXVariantGroup section */
		090B427A27F35D7300A1D9EF /* Main.storyboard */ = {
			isa = PBXVariantGroup;
			children = (
				090B427B27F35D7300A1D9EF /* Base */,
			);
			name = Main.storyboard;
			sourceTree = "<group>";
		};
		090B427F27F35D7D00A1D9EF /* LaunchScreen.storyboard */ = {
			isa = PBXVariantGroup;
			children = (
				090B428027F35D7D00A1D9EF /* Base */,
			);
			name = LaunchScreen.storyboard;
			sourceTree = "<group>";
		};
/* End PBXVariantGroup section */

/* Begin XCBuildConfiguration section */
		090B428527F35D7D00A1D9EF /* Debug */ = {
			isa = XCBuildConfiguration;
			buildSettings = {
				ALWAYS_SEARCH_USER_PATHS = NO;
				CLANG_ANALYZER_NONNULL = YES;
				CLANG_ANALYZER_NUMBER_OBJECT_CONVERSION = YES_AGGRESSIVE;
				CLANG_CXX_LANGUAGE_STANDARD = "gnu++17";
				CLANG_CXX_LIBRARY = "libc++";
				CLANG_ENABLE_MODULES = YES;
				CLANG_ENABLE_OBJC_ARC = YES;
				CLANG_ENABLE_OBJC_WEAK = YES;
				CLANG_WARN_BLOCK_CAPTURE_AUTORELEASING = YES;
				CLANG_WARN_BOOL_CONVERSION = YES;
				CLANG_WARN_COMMA = YES;
				CLANG_WARN_CONSTANT_CONVERSION = YES;
				CLANG_WARN_DEPRECATED_OBJC_IMPLEMENTATIONS = YES;
				CLANG_WARN_DIRECT_OBJC_ISA_USAGE = YES_ERROR;
				CLANG_WARN_DOCUMENTATION_COMMENTS = YES;
				CLANG_WARN_EMPTY_BODY = YES;
				CLANG_WARN_ENUM_CONVERSION = YES;
				CLANG_WARN_INFINITE_RECURSION = YES;
				CLANG_WARN_INT_CONVERSION = YES;
				CLANG_WARN_NON_LITERAL_NULL_CONVERSION = YES;
				CLANG_WARN_OBJC_IMPLICIT_RETAIN_SELF = YES;
				CLANG_WARN_OBJC_LITERAL_CONVERSION = YES;
				CLANG_WARN_OBJC_ROOT_CLASS = YES_ERROR;
				CLANG_WARN_QUOTED_INCLUDE_IN_FRAMEWORK_HEADER = YES;
				CLANG_WARN_RANGE_LOOP_ANALYSIS = YES;
				CLANG_WARN_STRICT_PROTOTYPES = YES;
				CLANG_WARN_SUSPICIOUS_MOVE = YES;
				CLANG_WARN_UNGUARDED_AVAILABILITY = YES_AGGRESSIVE;
				CLANG_WARN_UNREACHABLE_CODE = YES;
				CLANG_WARN__DUPLICATE_METHOD_MATCH = YES;
				COPY_PHASE_STRIP = NO;
				DEBUG_INFORMATION_FORMAT = dwarf;
				ENABLE_STRICT_OBJC_MSGSEND = YES;
				ENABLE_TESTABILITY = YES;
				GCC_C_LANGUAGE_STANDARD = gnu11;
				GCC_DYNAMIC_NO_PIC = NO;
				GCC_NO_COMMON_BLOCKS = YES;
				GCC_OPTIMIZATION_LEVEL = 0;
				GCC_PREPROCESSOR_DEFINITIONS = (
					"DEBUG=1",
					"$(inherited)",
				);
				GCC_WARN_64_TO_32_BIT_CONVERSION = YES;
				GCC_WARN_ABOUT_RETURN_TYPE = YES_ERROR;
				GCC_WARN_UNDECLARED_SELECTOR = YES;
				GCC_WARN_UNINITIALIZED_AUTOS = YES_AGGRESSIVE;
				GCC_WARN_UNUSED_FUNCTION = YES;
				GCC_WARN_UNUSED_VARIABLE = YES;
				IPHONEOS_DEPLOYMENT_TARGET = 15.2;
				MTL_ENABLE_DEBUG_INFO = INCLUDE_SOURCE;
				MTL_FAST_MATH = YES;
				ONLY_ACTIVE_ARCH = YES;
				SDKROOT = iphoneos;
			};
			name = Debug;
		};
		090B428627F35D7D00A1D9EF /* Release */ = {
			isa = XCBuildConfiguration;
			buildSettings = {
				ALWAYS_SEARCH_USER_PATHS = NO;
				CLANG_ANALYZER_NONNULL = YES;
				CLANG_ANALYZER_NUMBER_OBJECT_CONVERSION = YES_AGGRESSIVE;
				CLANG_CXX_LANGUAGE_STANDARD = "gnu++17";
				CLANG_CXX_LIBRARY = "libc++";
				CLANG_ENABLE_MODULES = YES;
				CLANG_ENABLE_OBJC_ARC = YES;
				CLANG_ENABLE_OBJC_WEAK = YES;
				CLANG_WARN_BLOCK_CAPTURE_AUTORELEASING = YES;
				CLANG_WARN_BOOL_CONVERSION = YES;
				CLANG_WARN_COMMA = YES;
				CLANG_WARN_CONSTANT_CONVERSION = YES;
				CLANG_WARN_DEPRECATED_OBJC_IMPLEMENTATIONS = YES;
				CLANG_WARN_DIRECT_OBJC_ISA_USAGE = YES_ERROR;
				CLANG_WARN_DOCUMENTATION_COMMENTS = YES;
				CLANG_WARN_EMPTY_BODY = YES;
				CLANG_WARN_ENUM_CONVERSION = YES;
				CLANG_WARN_INFINITE_RECURSION = YES;
				CLANG_WARN_INT_CONVERSION = YES;
				CLANG_WARN_NON_LITERAL_NULL_CONVERSION = YES;
				CLANG_WARN_OBJC_IMPLICIT_RETAIN_SELF = YES;
				CLANG_WARN_OBJC_LITERAL_CONVERSION = YES;
				CLANG_WARN_OBJC_ROOT_CLASS = YES_ERROR;
				CLANG_WARN_QUOTED_INCLUDE_IN_FRAMEWORK_HEADER = YES;
				CLANG_WARN_RANGE_LOOP_ANALYSIS = YES;
				CLANG_WARN_STRICT_PROTOTYPES = YES;
				CLANG_WARN_SUSPICIOUS_MOVE = YES;
				CLANG_WARN_UNGUARDED_AVAILABILITY = YES_AGGRESSIVE;
				CLANG_WARN_UNREACHABLE_CODE = YES;
				CLANG_WARN__DUPLICATE_METHOD_MATCH = YES;
				COPY_PHASE_STRIP = NO;
				DEBUG_INFORMATION_FORMAT = "dwarf-with-dsym";
				ENABLE_NS_ASSERTIONS = NO;
				ENABLE_STRICT_OBJC_MSGSEND = YES;
				GCC_C_LANGUAGE_STANDARD = gnu11;
				GCC_NO_COMMON_BLOCKS = YES;
				GCC_WARN_64_TO_32_BIT_CONVERSION = YES;
				GCC_WARN_ABOUT_RETURN_TYPE = YES_ERROR;
				GCC_WARN_UNDECLARED_SELECTOR = YES;
				GCC_WARN_UNINITIALIZED_AUTOS = YES_AGGRESSIVE;
				GCC_WARN_UNUSED_FUNCTION = YES;
				GCC_WARN_UNUSED_VARIABLE = YES;
				IPHONEOS_DEPLOYMENT_TARGET = 15.2;
				MTL_ENABLE_DEBUG_INFO = NO;
				MTL_FAST_MATH = YES;
				SDKROOT = iphoneos;
				VALIDATE_PRODUCT = YES;
			};
			name = Release;
		};
		090B428827F35D7D00A1D9EF /* Debug */ = {
			isa = XCBuildConfiguration;
			baseConfigurationReference = 34A287C7B531FA84A2BC2F9D /* Pods-SampleApp.debug.xcconfig */;
			buildSettings = {
				ASSETCATALOG_COMPILER_APPICON_NAME = AppIcon;
				ASSETCATALOG_COMPILER_GLOBAL_ACCENT_COLOR_NAME = AccentColor;
				CODE_SIGN_STYLE = Automatic;
				CURRENT_PROJECT_VERSION = 1;
				GENERATE_INFOPLIST_FILE = YES;
				INFOPLIST_FILE = SampleApp/Info.plist;
				INFOPLIST_KEY_UIApplicationSupportsIndirectInputEvents = YES;
				INFOPLIST_KEY_UILaunchStoryboardName = LaunchScreen;
				INFOPLIST_KEY_UIMainStoryboardFile = Main;
				INFOPLIST_KEY_UISupportedInterfaceOrientations_iPad = "UIInterfaceOrientationPortrait UIInterfaceOrientationPortraitUpsideDown UIInterfaceOrientationLandscapeLeft UIInterfaceOrientationLandscapeRight";
				INFOPLIST_KEY_UISupportedInterfaceOrientations_iPhone = "UIInterfaceOrientationPortrait UIInterfaceOrientationLandscapeLeft UIInterfaceOrientationLandscapeRight";
				LD_RUNPATH_SEARCH_PATHS = (
					"$(inherited)",
					"@executable_path/Frameworks",
				);
				MARKETING_VERSION = 1.0;
				PRODUCT_BUNDLE_IDENTIFIER = com.bearxiong.SampleApp;
				PRODUCT_NAME = "$(TARGET_NAME)";
				SWIFT_EMIT_LOC_STRINGS = YES;
				TARGETED_DEVICE_FAMILY = "1,2";
			};
			name = Debug;
		};
		090B428927F35D7D00A1D9EF /* Release */ = {
			isa = XCBuildConfiguration;
			baseConfigurationReference = 0D9C3FD64B4193AE6E6A0AD3 /* Pods-SampleApp.release.xcconfig */;
			buildSettings = {
				ASSETCATALOG_COMPILER_APPICON_NAME = AppIcon;
				ASSETCATALOG_COMPILER_GLOBAL_ACCENT_COLOR_NAME = AccentColor;
				CODE_SIGN_STYLE = Automatic;
				CURRENT_PROJECT_VERSION = 1;
				GENERATE_INFOPLIST_FILE = YES;
				INFOPLIST_FILE = SampleApp/Info.plist;
				INFOPLIST_KEY_UIApplicationSupportsIndirectInputEvents = YES;
				INFOPLIST_KEY_UILaunchStoryboardName = LaunchScreen;
				INFOPLIST_KEY_UIMainStoryboardFile = Main;
				INFOPLIST_KEY_UISupportedInterfaceOrientations_iPad = "UIInterfaceOrientationPortrait UIInterfaceOrientationPortraitUpsideDown UIInterfaceOrientationLandscapeLeft UIInterfaceOrientationLandscapeRight";
				INFOPLIST_KEY_UISupportedInterfaceOrientations_iPhone = "UIInterfaceOrientationPortrait UIInterfaceOrientationLandscapeLeft UIInterfaceOrientationLandscapeRight";
				LD_RUNPATH_SEARCH_PATHS = (
					"$(inherited)",
					"@executable_path/Frameworks",
				);
				MARKETING_VERSION = 1.0;
				PRODUCT_BUNDLE_IDENTIFIER = com.bearxiong.SampleApp;
				PRODUCT_NAME = "$(TARGET_NAME)";
				SWIFT_EMIT_LOC_STRINGS = YES;
				TARGETED_DEVICE_FAMILY = "1,2";
			};
			name = Release;
		};
/* End XCBuildConfiguration section */

/* Begin XCConfigurationList section */
		090B426927F35D7200A1D9EF /* Build configuration list for PBXProject "SampleApp" */ = {
			isa = XCConfigurationList;
			buildConfigurations = (
				090B428527F35D7D00A1D9EF /* Debug */,
				090B428627F35D7D00A1D9EF /* Release */,
			);
			defaultConfigurationIsVisible = 0;
			defaultConfigurationName = Release;
		};
		090B428727F35D7D00A1D9EF /* Build configuration list for PBXNativeTarget "SampleApp" */ = {
			isa = XCConfigurationList;
			buildConfigurations = (
				090B428827F35D7D00A1D9EF /* Debug */,
				090B428927F35D7D00A1D9EF /* Release */,
			);
			defaultConfigurationIsVisible = 0;
			defaultConfigurationName = Release;
		};
/* End XCConfigurationList section */
	};
	rootObject = 090B426627F35D7200A1D9EF /* Project object */;
}
